
Microsoft Visual Studio Solution File, Format Version 12.00
Project("{FAE04EC0-301F-11D3-BF4B-00C04F79EFBC}") = "COMP003B.Assignment4", "COMP003B.Assignment4\COMP003B.Assignment4.csproj", "{8E63E42A-96B2-4BB2-81D4-9D2B5B18D705}"
EndProject
Global
	GlobalSection(SolutionConfigurationPlatforms) = preSolution
		Debug|Any CPU = Debug|Any CPU
		Release|Any CPU = Release|Any CPU
	EndGlobalSection
	GlobalSection(ProjectConfigurationPlatforms) = postSolution
		{8E63E42A-96B2-4BB2-81D4-9D2B5B18D705}.Debug|Any CPU.ActiveCfg = Debug|Any CPU
		{8E63E42A-96B2-4BB2-81D4-9D2B5B18D705}.Debug|Any CPU.Build.0 = Debug|Any CPU
		{8E63E42A-96B2-4BB2-81D4-9D2B5B18D705}.Release|Any CPU.ActiveCfg = Release|Any CPU
		{8E63E42A-96B2-4BB2-81D4-9D2B5B18D705}.Release|Any CPU.Build.0 = Release|Any CPU
	EndGlobalSection
EndGlobal
